
Microsoft Visual Studio Solution File, Format Version 11.00
# Visual Studio 2010
Project("{FAE04EC0-301F-11D3-BF4B-00C04F79EFBC}") = "System.Transactions.Workflows", "System.Transactions.Workflows\System.Transactions.Workflows.csproj", "{42189235-2678-431B-8AC9-3110C6B906B0}"
EndProject
Project("{FAE04EC0-301F-11D3-BF4B-00C04F79EFBC}") = "System.Transactions.Workflows.Test", "System.Transactions.Workflows.Test\System.Transactions.Workflows.Test.csproj", "{A79BB613-F996-454E-9530-AFC7719561C8}"
EndProject
Project("{FAE04EC0-301F-11D3-BF4B-00C04F79EFBC}") = "System.Transactions.Workflows.Test.Unit", "System.Transactions.Workflows.Test.Unit\System.Transactions.Workflows.Test.Unit.csproj", "{A36DFA3E-AA7A-421F-A296-EB0DFEE9A346}"
EndProject
Global
	GlobalSection(SolutionConfigurationPlatforms) = preSolution
		Debug|Any CPU = Debug|Any CPU
		Debug|Mixed Platforms = Debug|Mixed Platforms
		Debug|x86 = Debug|x86
		Release|Any CPU = Release|Any CPU
		Release|Mixed Platforms = Release|Mixed Platforms
		Release|x86 = Release|x86
	EndGlobalSection
	GlobalSection(ProjectConfigurationPlatforms) = postSolution
		{42189235-2678-431B-8AC9-3110C6B906B0}.Debug|Any CPU.ActiveCfg = Debug|Any CPU
		{42189235-2678-431B-8AC9-3110C6B906B0}.Debug|Any CPU.Build.0 = Debug|Any CPU
		{42189235-2678-431B-8AC9-3110C6B906B0}.Debug|Mixed Platforms.ActiveCfg = Debug|Any CPU
		{42189235-2678-431B-8AC9-3110C6B906B0}.Debug|Mixed Platforms.Build.0 = Debug|Any CPU
		{42189235-2678-431B-8AC9-3110C6B906B0}.Debug|x86.ActiveCfg = Debug|Any CPU
		{42189235-2678-431B-8AC9-3110C6B906B0}.Release|Any CPU.ActiveCfg = Release|Any CPU
		{42189235-2678-431B-8AC9-3110C6B906B0}.Release|Any CPU.Build.0 = Release|Any CPU
		{42189235-2678-431B-8AC9-3110C6B906B0}.Release|Mixed Platforms.ActiveCfg = Release|Any CPU
		{42189235-2678-431B-8AC9-3110C6B906B0}.Release|Mixed Platforms.Build.0 = Release|Any CPU
		{42189235-2678-431B-8AC9-3110C6B906B0}.Release|x86.ActiveCfg = Release|Any CPU
		{A79BB613-F996-454E-9530-AFC7719561C8}.Debug|Any CPU.ActiveCfg = Debug|x86
		{A79BB613-F996-454E-9530-AFC7719561C8}.Debug|Mixed Platforms.ActiveCfg = Debug|x86
		{A79BB613-F996-454E-9530-AFC7719561C8}.Debug|Mixed Platforms.Build.0 = Debug|x86
		{A79BB613-F996-454E-9530-AFC7719561C8}.Debug|x86.ActiveCfg = Debug|x86
		{A79BB613-F996-454E-9530-AFC7719561C8}.Debug|x86.Build.0 = Debug|x86
		{A79BB613-F996-454E-9530-AFC7719561C8}.Release|Any CPU.ActiveCfg = Release|x86
		{A79BB613-F996-454E-9530-AFC7719561C8}.Release|Mixed Platforms.ActiveCfg = Release|x86
		{A79BB613-F996-454E-9530-AFC7719561C8}.Release|Mixed Platforms.Build.0 = Release|x86
		{A79BB613-F996-454E-9530-AFC7719561C8}.Release|x86.ActiveCfg = Release|x86
		{A79BB613-F996-454E-9530-AFC7719561C8}.Release|x86.Build.0 = Release|x86
		{A36DFA3E-AA7A-421F-A296-EB0DFEE9A346}.Debug|Any CPU.ActiveCfg = Debug|Any CPU
		{A36DFA3E-AA7A-421F-A296-EB0DFEE9A346}.Debug|Any CPU.Build.0 = Debug|Any CPU
		{A36DFA3E-AA7A-421F-A296-EB0DFEE9A346}.Debug|Mixed Platforms.ActiveCfg = Debug|Any CPU
		{A36DFA3E-AA7A-421F-A296-EB0DFEE9A346}.Debug|Mixed Platforms.Build.0 = Debug|Any CPU
		{A36DFA3E-AA7A-421F-A296-EB0DFEE9A346}.Debug|x86.ActiveCfg = Debug|Any CPU
		{A36DFA3E-AA7A-421F-A296-EB0DFEE9A346}.Release|Any CPU.ActiveCfg = Release|Any CPU
		{A36DFA3E-AA7A-421F-A296-EB0DFEE9A346}.Release|Any CPU.Build.0 = Release|Any CPU
		{A36DFA3E-AA7A-421F-A296-EB0DFEE9A346}.Release|Mixed Platforms.ActiveCfg = Release|Any CPU
		{A36DFA3E-AA7A-421F-A296-EB0DFEE9A346}.Release|Mixed Platforms.Build.0 = Release|Any CPU
		{A36DFA3E-AA7A-421F-A296-EB0DFEE9A346}.Release|x86.ActiveCfg = Release|Any CPU
	EndGlobalSection
	GlobalSection(SolutionProperties) = preSolution
		HideSolutionNode = FALSE
	EndGlobalSection
EndGlobal
